{
  "name": "tailscale-connect",
  "version": "0.0.1",
  "lockfileVersion": 3,
  "requires": true,
  "packages": {
    "": {
      "name": "tailscale-connect",
      "version": "0.0.1",
      "license": "ISC",
      "dependencies": {
        "@girs/gjs": "^3.2.3",
        "@girs/gnome-shell": "^3.0.0",
        "@girs/gtk-4.0": "^4.10.5-3.2.3"
      },
      "devDependencies": {
        "adm-zip": "^0.5.10",
        "esbuild": "^0.17.19",
        "typescript": "^5.0.4"
      }
    },
    "node_modules/@esbuild/android-arm": {
      "version": "0.17.19",
      "resolved": "https://registry.npmjs.org/@esbuild/android-arm/-/android-arm-0.17.19.tgz",
      "integrity": "sha512-rIKddzqhmav7MSmoFCmDIb6e2W57geRsM94gV2l38fzhXMwq7hZoClug9USI2pFRGL06f4IOPHHpFNOkWieR8A==",
      "cpu": [
        "arm"
      ],
      "dev": true,
      "optional": true,
      "os": [
        "android"
      ],
      "engines": {
        "node": ">=12"
      }
    },
    "node_modules/@esbuild/android-arm64": {
      "version": "0.17.19",
      "resolved": "https://registry.npmjs.org/@esbuild/android-arm64/-/android-arm64-0.17.19.tgz",
      "integrity": "sha512-KBMWvEZooR7+kzY0BtbTQn0OAYY7CsiydT63pVEaPtVYF0hXbUaOyZog37DKxK7NF3XacBJOpYT4adIJh+avxA==",
      "cpu": [
        "arm64"
      ],
      "dev": true,
      "optional": true,
      "os": [
        "android"
      ],
      "engines": {
        "node": ">=12"
      }
    },
    "node_modules/@esbuild/android-x64": {
      "version": "0.17.19",
      "resolved": "https://registry.npmjs.org/@esbuild/android-x64/-/android-x64-0.17.19.tgz",
      "integrity": "sha512-uUTTc4xGNDT7YSArp/zbtmbhO0uEEK9/ETW29Wk1thYUJBz3IVnvgEiEwEa9IeLyvnpKrWK64Utw2bgUmDveww==",
      "cpu": [
        "x64"
      ],
      "dev": true,
      "optional": true,
      "os": [
        "android"
      ],
      "engines": {
        "node": ">=12"
      }
    },
    "node_modules/@esbuild/darwin-arm64": {
      "version": "0.17.19",
      "resolved": "https://registry.npmjs.org/@esbuild/darwin-arm64/-/darwin-arm64-0.17.19.tgz",
      "integrity": "sha512-80wEoCfF/hFKM6WE1FyBHc9SfUblloAWx6FJkFWTWiCoht9Mc0ARGEM47e67W9rI09YoUxJL68WHfDRYEAvOhg==",
      "cpu": [
        "arm64"
      ],
      "dev": true,
      "optional": true,
      "os": [
        "darwin"
      ],
      "engines": {
        "node": ">=12"
      }
    },
    "node_modules/@esbuild/darwin-x64": {
      "version": "0.17.19",
      "resolved": "https://registry.npmjs.org/@esbuild/darwin-x64/-/darwin-x64-0.17.19.tgz",
      "integrity": "sha512-IJM4JJsLhRYr9xdtLytPLSH9k/oxR3boaUIYiHkAawtwNOXKE8KoU8tMvryogdcT8AU+Bflmh81Xn6Q0vTZbQw==",
      "cpu": [
        "x64"
      ],
      "dev": true,
      "optional": true,
      "os": [
        "darwin"
      ],
      "engines": {
        "node": ">=12"
      }
    },
    "node_modules/@esbuild/freebsd-arm64": {
      "version": "0.17.19",
      "resolved": "https://registry.npmjs.org/@esbuild/freebsd-arm64/-/freebsd-arm64-0.17.19.tgz",
      "integrity": "sha512-pBwbc7DufluUeGdjSU5Si+P3SoMF5DQ/F/UmTSb8HXO80ZEAJmrykPyzo1IfNbAoaqw48YRpv8shwd1NoI0jcQ==",
      "cpu": [
        "arm64"
      ],
      "dev": true,
      "optional": true,
      "os": [
        "freebsd"
      ],
      "engines": {
        "node": ">=12"
      }
    },
    "node_modules/@esbuild/freebsd-x64": {
      "version": "0.17.19",
      "resolved": "https://registry.npmjs.org/@esbuild/freebsd-x64/-/freebsd-x64-0.17.19.tgz",
      "integrity": "sha512-4lu+n8Wk0XlajEhbEffdy2xy53dpR06SlzvhGByyg36qJw6Kpfk7cp45DR/62aPH9mtJRmIyrXAS5UWBrJT6TQ==",
      "cpu": [
        "x64"
      ],
      "dev": true,
      "optional": true,
      "os": [
        "freebsd"
      ],
      "engines": {
        "node": ">=12"
      }
    },
    "node_modules/@esbuild/linux-arm": {
      "version": "0.17.19",
      "resolved": "https://registry.npmjs.org/@esbuild/linux-arm/-/linux-arm-0.17.19.tgz",
      "integrity": "sha512-cdmT3KxjlOQ/gZ2cjfrQOtmhG4HJs6hhvm3mWSRDPtZ/lP5oe8FWceS10JaSJC13GBd4eH/haHnqf7hhGNLerA==",
      "cpu": [
        "arm"
      ],
      "dev": true,
      "optional": true,
      "os": [
        "linux"
      ],
      "engines": {
        "node": ">=12"
      }
    },
    "node_modules/@esbuild/linux-arm64": {
      "version": "0.17.19",
      "resolved": "https://registry.npmjs.org/@esbuild/linux-arm64/-/linux-arm64-0.17.19.tgz",
      "integrity": "sha512-ct1Tg3WGwd3P+oZYqic+YZF4snNl2bsnMKRkb3ozHmnM0dGWuxcPTTntAF6bOP0Sp4x0PjSF+4uHQ1xvxfRKqg==",
      "cpu": [
        "arm64"
      ],
      "dev": true,
      "optional": true,
      "os": [
        "linux"
      ],
      "engines": {
        "node": ">=12"
      }
    },
    "node_modules/@esbuild/linux-ia32": {
      "version": "0.17.19",
      "resolved": "https://registry.npmjs.org/@esbuild/linux-ia32/-/linux-ia32-0.17.19.tgz",
      "integrity": "sha512-w4IRhSy1VbsNxHRQpeGCHEmibqdTUx61Vc38APcsRbuVgK0OPEnQ0YD39Brymn96mOx48Y2laBQGqgZ0j9w6SQ==",
      "cpu": [
        "ia32"
      ],
      "dev": true,
      "optional": true,
      "os": [
        "linux"
      ],
      "engines": {
        "node": ">=12"
      }
    },
    "node_modules/@esbuild/linux-loong64": {
      "version": "0.17.19",
      "resolved": "https://registry.npmjs.org/@esbuild/linux-loong64/-/linux-loong64-0.17.19.tgz",
      "integrity": "sha512-2iAngUbBPMq439a+z//gE+9WBldoMp1s5GWsUSgqHLzLJ9WoZLZhpwWuym0u0u/4XmZ3gpHmzV84PonE+9IIdQ==",
      "cpu": [
        "loong64"
      ],
      "dev": true,
      "optional": true,
      "os": [
        "linux"
      ],
      "engines": {
        "node": ">=12"
      }
    },
    "node_modules/@esbuild/linux-mips64el": {
      "version": "0.17.19",
      "resolved": "https://registry.npmjs.org/@esbuild/linux-mips64el/-/linux-mips64el-0.17.19.tgz",
      "integrity": "sha512-LKJltc4LVdMKHsrFe4MGNPp0hqDFA1Wpt3jE1gEyM3nKUvOiO//9PheZZHfYRfYl6AwdTH4aTcXSqBerX0ml4A==",
      "cpu": [
        "mips64el"
      ],
      "dev": true,
      "optional": true,
      "os": [
        "linux"
      ],
      "engines": {
        "node": ">=12"
      }
    },
    "node_modules/@esbuild/linux-ppc64": {
      "version": "0.17.19",
      "resolved": "https://registry.npmjs.org/@esbuild/linux-ppc64/-/linux-ppc64-0.17.19.tgz",
      "integrity": "sha512-/c/DGybs95WXNS8y3Ti/ytqETiW7EU44MEKuCAcpPto3YjQbyK3IQVKfF6nbghD7EcLUGl0NbiL5Rt5DMhn5tg==",
      "cpu": [
        "ppc64"
      ],
      "dev": true,
      "optional": true,
      "os": [
        "linux"
      ],
      "engines": {
        "node": ">=12"
      }
    },
    "node_modules/@esbuild/linux-riscv64": {
      "version": "0.17.19",
      "resolved": "https://registry.npmjs.org/@esbuild/linux-riscv64/-/linux-riscv64-0.17.19.tgz",
      "integrity": "sha512-FC3nUAWhvFoutlhAkgHf8f5HwFWUL6bYdvLc/TTuxKlvLi3+pPzdZiFKSWz/PF30TB1K19SuCxDTI5KcqASJqA==",
      "cpu": [
        "riscv64"
      ],
      "dev": true,
      "optional": true,
      "os": [
        "linux"
      ],
      "engines": {
        "node": ">=12"
      }
    },
    "node_modules/@esbuild/linux-s390x": {
      "version": "0.17.19",
      "resolved": "https://registry.npmjs.org/@esbuild/linux-s390x/-/linux-s390x-0.17.19.tgz",
      "integrity": "sha512-IbFsFbxMWLuKEbH+7sTkKzL6NJmG2vRyy6K7JJo55w+8xDk7RElYn6xvXtDW8HCfoKBFK69f3pgBJSUSQPr+4Q==",
      "cpu": [
        "s390x"
      ],
      "dev": true,
      "optional": true,
      "os": [
        "linux"
      ],
      "engines": {
        "node": ">=12"
      }
    },
    "node_modules/@esbuild/linux-x64": {
      "version": "0.17.19",
      "resolved": "https://registry.npmjs.org/@esbuild/linux-x64/-/linux-x64-0.17.19.tgz",
      "integrity": "sha512-68ngA9lg2H6zkZcyp22tsVt38mlhWde8l3eJLWkyLrp4HwMUr3c1s/M2t7+kHIhvMjglIBrFpncX1SzMckomGw==",
      "cpu": [
        "x64"
      ],
      "dev": true,
      "optional": true,
      "os": [
        "linux"
      ],
      "engines": {
        "node": ">=12"
      }
    },
    "node_modules/@esbuild/netbsd-x64": {
      "version": "0.17.19",
      "resolved": "https://registry.npmjs.org/@esbuild/netbsd-x64/-/netbsd-x64-0.17.19.tgz",
      "integrity": "sha512-CwFq42rXCR8TYIjIfpXCbRX0rp1jo6cPIUPSaWwzbVI4aOfX96OXY8M6KNmtPcg7QjYeDmN+DD0Wp3LaBOLf4Q==",
      "cpu": [
        "x64"
      ],
      "dev": true,
      "optional": true,
      "os": [
        "netbsd"
      ],
      "engines": {
        "node": ">=12"
      }
    },
    "node_modules/@esbuild/openbsd-x64": {
      "version": "0.17.19",
      "resolved": "https://registry.npmjs.org/@esbuild/openbsd-x64/-/openbsd-x64-0.17.19.tgz",
      "integrity": "sha512-cnq5brJYrSZ2CF6c35eCmviIN3k3RczmHz8eYaVlNasVqsNY+JKohZU5MKmaOI+KkllCdzOKKdPs762VCPC20g==",
      "cpu": [
        "x64"
      ],
      "dev": true,
      "optional": true,
      "os": [
        "openbsd"
      ],
      "engines": {
        "node": ">=12"
      }
    },
    "node_modules/@esbuild/sunos-x64": {
      "version": "0.17.19",
      "resolved": "https://registry.npmjs.org/@esbuild/sunos-x64/-/sunos-x64-0.17.19.tgz",
      "integrity": "sha512-vCRT7yP3zX+bKWFeP/zdS6SqdWB8OIpaRq/mbXQxTGHnIxspRtigpkUcDMlSCOejlHowLqII7K2JKevwyRP2rg==",
      "cpu": [
        "x64"
      ],
      "dev": true,
      "optional": true,
      "os": [
        "sunos"
      ],
      "engines": {
        "node": ">=12"
      }
    },
    "node_modules/@esbuild/win32-arm64": {
      "version": "0.17.19",
      "resolved": "https://registry.npmjs.org/@esbuild/win32-arm64/-/win32-arm64-0.17.19.tgz",
      "integrity": "sha512-yYx+8jwowUstVdorcMdNlzklLYhPxjniHWFKgRqH7IFlUEa0Umu3KuYplf1HUZZ422e3NU9F4LGb+4O0Kdcaag==",
      "cpu": [
        "arm64"
      ],
      "dev": true,
      "optional": true,
      "os": [
        "win32"
      ],
      "engines": {
        "node": ">=12"
      }
    },
    "node_modules/@esbuild/win32-ia32": {
      "version": "0.17.19",
      "resolved": "https://registry.npmjs.org/@esbuild/win32-ia32/-/win32-ia32-0.17.19.tgz",
      "integrity": "sha512-eggDKanJszUtCdlVs0RB+h35wNlb5v4TWEkq4vZcmVt5u/HiDZrTXe2bWFQUez3RgNHwx/x4sk5++4NSSicKkw==",
      "cpu": [
        "ia32"
      ],
      "dev": true,
      "optional": true,
      "os": [
        "win32"
      ],
      "engines": {
        "node": ">=12"
      }
    },
    "node_modules/@esbuild/win32-x64": {
      "version": "0.17.19",
      "resolved": "https://registry.npmjs.org/@esbuild/win32-x64/-/win32-x64-0.17.19.tgz",
      "integrity": "sha512-lAhycmKnVOuRYNtRtatQR1LPQf2oYCkRGkSFnseDAKPl8lu5SOsK/e1sXe5a0Pc5kHIHe6P2I/ilntNv2xf3cA==",
      "cpu": [
        "x64"
      ],
      "dev": true,
      "optional": true,
      "os": [
        "win32"
      ],
      "engines": {
        "node": ">=12"
      }
    },
    "node_modules/@girs/atk-1.0": {
      "version": "2.45.1-3.2.2",
      "resolved": "https://registry.npmjs.org/@girs/atk-1.0/-/atk-1.0-2.45.1-3.2.2.tgz",
      "integrity": "sha512-+ba+w8s3CuIHBXNtfUtqbMy+lpa+SxY+ksu5i9QSINvKod6RHXSglXYiRAjKsP3nVyTc+FaF7ymYvqGbM42HHw==",
      "dependencies": {
        "@girs/gjs": "^3.2.2",
        "@girs/glib-2.0": "^2.77.0-3.2.2",
        "@girs/gobject-2.0": "^2.77.0-3.2.2"
      }
    },
    "node_modules/@girs/atk-1.0/node_modules/@girs/glib-2.0": {
      "version": "2.77.0-3.2.2",
      "resolved": "https://registry.npmjs.org/@girs/glib-2.0/-/glib-2.0-2.77.0-3.2.2.tgz",
      "integrity": "sha512-cFWgYKKBR58+er7MOYTFcws5MHEQUD74VaGUEBLUTjFh9EsyIXOOcaU+Z6cteObGDo9ZYdlr8RBAdKI8H18sqQ==",
      "dependencies": {
        "@girs/gjs": "^3.2.2",
        "@girs/gobject-2.0": "^2.77.0-3.2.2"
      }
    },
    "node_modules/@girs/atk-1.0/node_modules/@girs/gobject-2.0": {
      "version": "2.77.0-3.2.2",
      "resolved": "https://registry.npmjs.org/@girs/gobject-2.0/-/gobject-2.0-2.77.0-3.2.2.tgz",
      "integrity": "sha512-psnnFhNY+49SXzdTDpHwnySMTDtHYDP9rxMx1Xb1UVE1JaxwuI0YLrylt+Zv0boGczmwol8afxZw2Z9TnSSocg==",
      "dependencies": {
        "@girs/gjs": "^3.2.2",
        "@girs/glib-2.0": "^2.77.0-3.2.2"
      }
    },
    "node_modules/@girs/cairo-1.0": {
      "version": "1.0.0-3.2.3",
      "resolved": "https://registry.npmjs.org/@girs/cairo-1.0/-/cairo-1.0-1.0.0-3.2.3.tgz",
      "integrity": "sha512-RHNcDqhTzsrqL2yZ0F8eOsS0UDhThIS0sTfwCY8VRBmVoW8rzLW3gaQhO78xX51A6BPOpcrGkFQjpBPgAqsfdw==",
      "dependencies": {
        "@girs/gjs": "^3.2.3",
        "@girs/gobject-2.0": "^2.76.1-3.2.3"
      }
    },
    "node_modules/@girs/cally-12": {
      "version": "12.0.0-3.2.3",
      "resolved": "https://registry.npmjs.org/@girs/cally-12/-/cally-12-12.0.0-3.2.3.tgz",
      "integrity": "sha512-4p3JQ8e33tRPYnz1TNVryPN89aQY7aNQsRZ6O+y+wG17rVTgNpaIoUaDvjZWDTF3A8XfN8ZHnpXV7HbSVuhhWw==",
      "dependencies": {
        "@girs/atk-1.0": "^2.48.3-3.2.3",
        "@girs/cairo-1.0": "^1.0.0-3.2.3",
        "@girs/clutter-12": "^12.0.0-3.2.3",
        "@girs/cogl-12": "^12.0.0-3.2.3",
        "@girs/coglpango-12": "^12.0.0-3.2.3",
        "@girs/freetype2-2.0": "^2.0.0-3.2.3",
        "@girs/gio-2.0": "^2.76.1-3.2.3",
        "@girs/gjs": "^3.2.3",
        "@girs/gl-1.0": "^1.0.0-3.2.3",
        "@girs/glib-2.0": "^2.76.1-3.2.3",
        "@girs/gobject-2.0": "^2.76.1-3.2.3",
        "@girs/graphene-1.0": "^1.0.0-3.2.3",
        "@girs/harfbuzz-0.0": "^7.1.0-3.2.3",
        "@girs/json-1.0": "^1.7.1-3.2.3",
        "@girs/pango-1.0": "^1.50.14-3.2.3",
        "@girs/pangocairo-1.0": "^1.0.0-3.2.3"
      }
    },
    "node_modules/@girs/cally-12/node_modules/@girs/atk-1.0": {
      "version": "2.48.3-3.2.3",
      "resolved": "https://registry.npmjs.org/@girs/atk-1.0/-/atk-1.0-2.48.3-3.2.3.tgz",
      "integrity": "sha512-w42KR/xKlqTU1BRlSPToHxdySv1ABwETFQhCxapn7usdIo5mXwZlOh1c4pAEN3BukC8rmYEn0QAw5xaDu/UyfA==",
      "dependencies": {
        "@girs/gjs": "^3.2.3",
        "@girs/glib-2.0": "^2.76.1-3.2.3",
        "@girs/gobject-2.0": "^2.76.1-3.2.3"
      }
    },
    "node_modules/@girs/clutter-12": {
      "version": "12.0.0-3.2.3",
      "resolved": "https://registry.npmjs.org/@girs/clutter-12/-/clutter-12-12.0.0-3.2.3.tgz",
      "integrity": "sha512-u8S7w0p4TNZZBooSZSIOK5MexA14a+Ffz4Pkvpy4mIX1NnVxyQULbnHa1OyR897gUpZr1zqS9FYbEY+WElk3Gg==",
      "dependencies": {
        "@girs/atk-1.0": "^2.48.3-3.2.3",
        "@girs/cairo-1.0": "^1.0.0-3.2.3",
        "@girs/cogl-12": "^12.0.0-3.2.3",
        "@girs/coglpango-12": "^12.0.0-3.2.3",
        "@girs/freetype2-2.0": "^2.0.0-3.2.3",
        "@girs/gio-2.0": "^2.76.1-3.2.3",
        "@girs/gjs": "^3.2.3",
        "@girs/gl-1.0": "^1.0.0-3.2.3",
        "@girs/glib-2.0": "^2.76.1-3.2.3",
        "@girs/gobject-2.0": "^2.76.1-3.2.3",
        "@girs/graphene-1.0": "^1.0.0-3.2.3",
        "@girs/harfbuzz-0.0": "^7.1.0-3.2.3",
        "@girs/json-1.0": "^1.7.1-3.2.3",
        "@girs/pango-1.0": "^1.50.14-3.2.3",
        "@girs/pangocairo-1.0": "^1.0.0-3.2.3"
      }
    },
    "node_modules/@girs/clutter-12/node_modules/@girs/atk-1.0": {
      "version": "2.48.3-3.2.3",
      "resolved": "https://registry.npmjs.org/@girs/atk-1.0/-/atk-1.0-2.48.3-3.2.3.tgz",
      "integrity": "sha512-w42KR/xKlqTU1BRlSPToHxdySv1ABwETFQhCxapn7usdIo5mXwZlOh1c4pAEN3BukC8rmYEn0QAw5xaDu/UyfA==",
      "dependencies": {
        "@girs/gjs": "^3.2.3",
        "@girs/glib-2.0": "^2.76.1-3.2.3",
        "@girs/gobject-2.0": "^2.76.1-3.2.3"
      }
    },
    "node_modules/@girs/cogl-12": {
      "version": "12.0.0-3.2.3",
      "resolved": "https://registry.npmjs.org/@girs/cogl-12/-/cogl-12-12.0.0-3.2.3.tgz",
      "integrity": "sha512-9fq/AVHdtIcJJbbZqYzO5C1qXeNwCc1LYdu55wP/IZGoDNcUVcuHlj+oR1YddvEvz6YK5NMeUS2EZBzZndwUhA==",
      "dependencies": {
        "@girs/cairo-1.0": "^1.0.0-3.2.3",
        "@girs/gjs": "^3.2.3",
        "@girs/gl-1.0": "^1.0.0-3.2.3",
        "@girs/glib-2.0": "^2.76.1-3.2.3",
        "@girs/gobject-2.0": "^2.76.1-3.2.3",
        "@girs/graphene-1.0": "^1.0.0-3.2.3"
      }
    },
    "node_modules/@girs/cogl-2.0": {
      "version": "2.0.0-3.2.3",
      "resolved": "https://registry.npmjs.org/@girs/cogl-2.0/-/cogl-2.0-2.0.0-3.2.3.tgz",
      "integrity": "sha512-CzVQHlDzpRpdqHI+to93NeJ12OKx448xyZLZNs94infYhN1A0Cj2JL4NJYMdkWYoQmU+jPhTwTr+1c414D71Bw==",
      "dependencies": {
        "@girs/gjs": "^3.2.3",
        "@girs/gl-1.0": "^1.0.0-3.2.3",
        "@girs/glib-2.0": "^2.76.1-3.2.3",
        "@girs/gobject-2.0": "^2.76.1-3.2.3"
      }
    },
    "node_modules/@girs/coglpango-12": {
      "version": "12.0.0-3.2.3",
      "resolved": "https://registry.npmjs.org/@girs/coglpango-12/-/coglpango-12-12.0.0-3.2.3.tgz",
      "integrity": "sha512-FXQ3VjSP/Te0NaLKYpOQ4CBu5rLe4rcGoZ7xiEE2xS9lTTJEBSRjc3eUDlMWMl/XxIsgkXLFWpkQkkKI4+vFOw==",
      "dependencies": {
        "@girs/cairo-1.0": "^1.0.0-3.2.3",
        "@girs/cogl-12": "^12.0.0-3.2.3",
        "@girs/freetype2-2.0": "^2.0.0-3.2.3",
        "@girs/gio-2.0": "^2.76.1-3.2.3",
        "@girs/gjs": "^3.2.3",
        "@girs/gl-1.0": "^1.0.0-3.2.3",
        "@girs/glib-2.0": "^2.76.1-3.2.3",
        "@girs/gobject-2.0": "^2.76.1-3.2.3",
        "@girs/graphene-1.0": "^1.0.0-3.2.3",
        "@girs/harfbuzz-0.0": "^7.1.0-3.2.3",
        "@girs/pango-1.0": "^1.50.14-3.2.3",
        "@girs/pangocairo-1.0": "^1.0.0-3.2.3"
      }
    },
    "node_modules/@girs/freetype2-2.0": {
      "version": "2.0.0-3.2.3",
      "resolved": "https://registry.npmjs.org/@girs/freetype2-2.0/-/freetype2-2.0-2.0.0-3.2.3.tgz",
      "integrity": "sha512-+2j02Jx7TbvQWDbH87k+AIDdgUescSkcUlhj9fumtvgRR61apvVKnb2QbPYChd8ZHgDvMqu3VAlEVG8vRVN6Iw==",
      "dependencies": {
        "@girs/gjs": "^3.2.3",
        "@girs/gobject-2.0": "^2.76.1-3.2.3"
      }
    },
    "node_modules/@girs/gck-2": {
      "version": "4.0.0-3.1.0",
      "resolved": "https://registry.npmjs.org/@girs/gck-2/-/gck-2-4.0.0-3.1.0.tgz",
      "integrity": "sha512-uwVgWgmNlKyux2fNA6IPIuaZTZekr+7/FLrgTjZ+Pql7KPjnQlZncj41+Qlh7ajDHjNcvKT8z4gE7IoXFAA5gg==",
      "dependencies": {
        "@girs/gio-2.0": "^2.76.1-3.1.0",
        "@girs/gjs": "^3.1.0",
        "@girs/glib-2.0": "^2.76.1-3.1.0",
        "@girs/gobject-2.0": "^2.76.1-3.1.0"
      }
    },
    "node_modules/@girs/gcr-4": {
      "version": "4.0.0-3.1.0",
      "resolved": "https://registry.npmjs.org/@girs/gcr-4/-/gcr-4-4.0.0-3.1.0.tgz",
      "integrity": "sha512-qyyVrTkjfIC/oYzE5jRgCbDSGxzL7SMrgBo5XTVMMDoefm6l6t1hfAPhiPySNe6FZcGAgPGpJkfWIsdrfQ66zA==",
      "dependencies": {
        "@girs/gck-2": "^4.0.0-3.1.0",
        "@girs/gio-2.0": "^2.76.1-3.1.0",
        "@girs/gjs": "^3.1.0",
        "@girs/glib-2.0": "^2.76.1-3.1.0",
        "@girs/gobject-2.0": "^2.76.1-3.1.0"
      }
    },
    "node_modules/@girs/gdesktopenums-3.0": {
      "version": "3.0.0-3.2.3",
      "resolved": "https://registry.npmjs.org/@girs/gdesktopenums-3.0/-/gdesktopenums-3.0-3.0.0-3.2.3.tgz",
      "integrity": "sha512-nXm/+Yg17FIVek9zdSqhll0GnfDmObz+EB2voM4RHY+n1SqIilEV85bQshe4Y8lVzJ9WKqyHxYF4OdxXZKHPHg==",
      "dependencies": {
        "@girs/gjs": "^3.2.3",
        "@girs/gobject-2.0": "^2.76.1-3.2.3"
      }
    },
    "node_modules/@girs/gdk-4.0": {
      "version": "4.0.0-3.2.3",
      "resolved": "https://registry.npmjs.org/@girs/gdk-4.0/-/gdk-4.0-4.0.0-3.2.3.tgz",
      "integrity": "sha512-g5H9r9Y7OE1I/unN/KZ0t/b23cseTj0gkQxXvVcXi89/uEfWhVhTuuD63ITR6+890aaAwsEVYEWvQGX1Zz9AnQ==",
      "dependencies": {
        "@girs/cairo-1.0": "^1.0.0-3.2.3",
        "@girs/freetype2-2.0": "^2.0.0-3.2.3",
        "@girs/gdkpixbuf-2.0": "^2.0.0-3.2.3",
        "@girs/gio-2.0": "^2.76.1-3.2.3",
        "@girs/gjs": "^3.2.3",
        "@girs/glib-2.0": "^2.76.1-3.2.3",
        "@girs/gmodule-2.0": "^2.0.0-3.2.3",
        "@girs/gobject-2.0": "^2.76.1-3.2.3",
        "@girs/harfbuzz-0.0": "^7.1.0-3.2.3",
        "@girs/pango-1.0": "^1.50.14-3.2.3",
        "@girs/pangocairo-1.0": "^1.0.0-3.2.3"
      }
    },
    "node_modules/@girs/gdkpixbuf-2.0": {
      "version": "2.0.0-3.2.3",
      "resolved": "https://registry.npmjs.org/@girs/gdkpixbuf-2.0/-/gdkpixbuf-2.0-2.0.0-3.2.3.tgz",
      "integrity": "sha512-Q4tA8pk7RppRY+z5uehA24xyyhFilnCbge52HHiWC1sjlKTzN1EF82ZSc5vwwmnlFYzYETAXcVo6zqlU3hnNAg==",
      "dependencies": {
        "@girs/gio-2.0": "^2.76.1-3.2.3",
        "@girs/gjs": "^3.2.3",
        "@girs/glib-2.0": "^2.76.1-3.2.3",
        "@girs/gmodule-2.0": "^2.0.0-3.2.3",
        "@girs/gobject-2.0": "^2.76.1-3.2.3"
      }
    },
    "node_modules/@girs/gio-2.0": {
      "version": "2.76.1-3.2.3",
      "resolved": "https://registry.npmjs.org/@girs/gio-2.0/-/gio-2.0-2.76.1-3.2.3.tgz",
      "integrity": "sha512-6SK2z2YsZrxdoumXW7taI1S2HIBvWcFoKWAot0A5coMskJOnt6HnNxIMTBbN5YhkOs855YHqfaLYeNNU3Y3M2A==",
      "dependencies": {
        "@girs/gjs": "^3.2.3",
        "@girs/glib-2.0": "^2.76.1-3.2.3",
        "@girs/gobject-2.0": "^2.76.1-3.2.3"
      }
    },
    "node_modules/@girs/gjs": {
      "version": "3.2.3",
      "resolved": "https://registry.npmjs.org/@girs/gjs/-/gjs-3.2.3.tgz",
      "integrity": "sha512-Ru2OsIM0pyi7xGFEg6tkOSgHZ2OLdGBk+l2OzedAVYN6k6QK/kyknxyCtB7IMggF3djnUgsjjKm6tUVie1q3bA==",
      "dependencies": {
        "@girs/glib-2.0": "^2.76.1-3.2.3",
        "@girs/gobject-2.0": "^2.76.1-3.2.3"
      }
    },
    "node_modules/@girs/gl-1.0": {
      "version": "1.0.0-3.2.3",
      "resolved": "https://registry.npmjs.org/@girs/gl-1.0/-/gl-1.0-1.0.0-3.2.3.tgz",
      "integrity": "sha512-48KKQIEOcEBNMlNP4KCMY0VfKir3QZnRT6LnIwykAXu0LfSYimBRjf+bAATFfOEzO5Um57fZl7swlmzSFJudKQ==",
      "dependencies": {
        "@girs/gjs": "^3.2.3",
        "@girs/gobject-2.0": "^2.76.1-3.2.3"
      }
    },
    "node_modules/@girs/glib-2.0": {
      "version": "2.76.1-3.2.3",
      "resolved": "https://registry.npmjs.org/@girs/glib-2.0/-/glib-2.0-2.76.1-3.2.3.tgz",
      "integrity": "sha512-pY/ZE2WPco9E8Cz5+wTqxEOdVpipEQBRDJXVd/KQCoRjTSvgoMLLEE8B84W0LgOgR8ns99XtGZrf0U0y4qFqyA==",
      "dependencies": {
        "@girs/gjs": "^3.2.3",
        "@girs/gobject-2.0": "^2.76.1-3.2.3"
      }
    },
    "node_modules/@girs/gmodule-2.0": {
      "version": "2.0.0-3.2.3",
      "resolved": "https://registry.npmjs.org/@girs/gmodule-2.0/-/gmodule-2.0-2.0.0-3.2.3.tgz",
      "integrity": "sha512-ayiKEWD1LpNu60YEcVhoq/fFjE2uwEcPiISfgpf24gfmZHv7jLjmSNxerAPdj45IitYsyxFjhkPdYZZlZ8BwVA==",
      "dependencies": {
        "@girs/gjs": "^3.2.3",
        "@girs/glib-2.0": "^2.76.1-3.2.3",
        "@girs/gobject-2.0": "^2.76.1-3.2.3"
      }
    },
    "node_modules/@girs/gnome-shell": {
      "version": "3.0.0",
      "resolved": "https://registry.npmjs.org/@girs/gnome-shell/-/gnome-shell-3.0.0.tgz",
      "integrity": "sha512-I1BVcvj+0TymAcpk9YsQSqwJvWgUoKxZySbJKCh/mBsKJfGlZhiBGH/HSyHGbA2Tf5Z99G3+kJv0qYSk43eGMg==",
      "dependencies": {
        "@girs/atk-1.0": "^2.45.1-3.0.0",
        "@girs/cally-12": "^12.0.0-3.0.0",
        "@girs/clutter-12": "^12.0.0-3.0.0",
        "@girs/cogl-2.0": "^2.0.0-3.0.0",
        "@girs/gcr-4": "^4.0.0-3.0.0",
        "@girs/gio-2.0": "^2.76.1-3.0.0",
        "@girs/gjs": "^3.0.0",
        "@girs/glib-2.0": "^2.76.1-3.0.0",
        "@girs/gnomebg-4.0": "^4.0.0-3.0.0",
        "@girs/gnomedesktop-4.0": "^4.0.0-3.0.0",
        "@girs/gobject-2.0": "^2.76.1-3.0.0",
        "@girs/meta-12": "^12.0.0-3.0.0",
        "@girs/shell-12": "^12.0.0-3.0.0",
        "@girs/shew-0": "^0.0.0-3.0.0",
        "@girs/st-12": "^12.0.0-3.0.0"
      }
    },
    "node_modules/@girs/gnomebg-4.0": {
      "version": "4.0.0-3.2.3",
      "resolved": "https://registry.npmjs.org/@girs/gnomebg-4.0/-/gnomebg-4.0-4.0.0-3.2.3.tgz",
      "integrity": "sha512-e8YyXljYuGLIZmUGm/bwfK/Ek4TpOpDOUGvmdPYUaqFAPrPCHidLyEM6DHEvR+Byw8yo6hgCQVnLUVFEkZEwGA==",
      "dependencies": {
        "@girs/cairo-1.0": "^1.0.0-3.2.3",
        "@girs/freetype2-2.0": "^2.0.0-3.2.3",
        "@girs/gdesktopenums-3.0": "^3.0.0-3.2.3",
        "@girs/gdk-4.0": "^4.0.0-3.2.3",
        "@girs/gdkpixbuf-2.0": "^2.0.0-3.2.3",
        "@girs/gio-2.0": "^2.76.1-3.2.3",
        "@girs/gjs": "^3.2.3",
        "@girs/glib-2.0": "^2.76.1-3.2.3",
        "@girs/gmodule-2.0": "^2.0.0-3.2.3",
        "@girs/gnomedesktop-4.0": "^4.0.0-3.2.3",
        "@girs/gobject-2.0": "^2.76.1-3.2.3",
        "@girs/harfbuzz-0.0": "^7.1.0-3.2.3",
        "@girs/pango-1.0": "^1.50.14-3.2.3",
        "@girs/pangocairo-1.0": "^1.0.0-3.2.3"
      }
    },
    "node_modules/@girs/gnomedesktop-4.0": {
      "version": "4.0.0-3.2.3",
      "resolved": "https://registry.npmjs.org/@girs/gnomedesktop-4.0/-/gnomedesktop-4.0-4.0.0-3.2.3.tgz",
      "integrity": "sha512-8kLSoExwx5c8BrUqatho7KKregdixuMV/If4dBXHV/3MB73GHO08nMxncD4UNR3bSeXJZ0LVMI82sCdHCMAUMQ==",
      "dependencies": {
        "@girs/gdesktopenums-3.0": "^3.0.0-3.2.3",
        "@girs/gdkpixbuf-2.0": "^2.0.0-3.2.3",
        "@girs/gio-2.0": "^2.76.1-3.2.3",
        "@girs/gjs": "^3.2.3",
        "@girs/glib-2.0": "^2.76.1-3.2.3",
        "@girs/gmodule-2.0": "^2.0.0-3.2.3",
        "@girs/gobject-2.0": "^2.76.1-3.2.3"
      }
    },
    "node_modules/@girs/gobject-2.0": {
      "version": "2.76.1-3.2.3",
      "resolved": "https://registry.npmjs.org/@girs/gobject-2.0/-/gobject-2.0-2.76.1-3.2.3.tgz",
      "integrity": "sha512-9X35d1ZRO4xY9b0iOm51MwjfbgvOGQtNs2A9IWcSlaoI4LB5mCRlPlQ1UFhpqcbbmdrL+Cce/0p3F36x5rn/dg==",
      "dependencies": {
        "@girs/gjs": "^3.2.3",
        "@girs/glib-2.0": "^2.76.1-3.2.3"
      }
    },
    "node_modules/@girs/graphene-1.0": {
      "version": "1.0.0-3.2.3",
      "resolved": "https://registry.npmjs.org/@girs/graphene-1.0/-/graphene-1.0-1.0.0-3.2.3.tgz",
      "integrity": "sha512-3jsnANrdminEflL4AuUbbWUEpTUnEW/QJF2/7K89HWW6HlPcJf98g6CQWxWfMpn/p4sMIWc3T/+LQ2QaZbyGCw==",
      "dependencies": {
        "@girs/gjs": "^3.2.3",
        "@girs/glib-2.0": "^2.76.1-3.2.3",
        "@girs/gobject-2.0": "^2.76.1-3.2.3"
      }
    },
    "node_modules/@girs/gsk-4.0": {
      "version": "4.0.0-3.2.3",
      "resolved": "https://registry.npmjs.org/@girs/gsk-4.0/-/gsk-4.0-4.0.0-3.2.3.tgz",
      "integrity": "sha512-zl8JLVwIGg9imv9C4tWjB8ldcKCk2BM3YgF703Cgmyzy0a2N3RF1sjWaGPwZiEbHtjl3DcPzEpknY4xkIJ1Ivw==",
      "dependencies": {
        "@girs/cairo-1.0": "^1.0.0-3.2.3",
        "@girs/freetype2-2.0": "^2.0.0-3.2.3",
        "@girs/gdk-4.0": "^4.0.0-3.2.3",
        "@girs/gdkpixbuf-2.0": "^2.0.0-3.2.3",
        "@girs/gio-2.0": "^2.76.1-3.2.3",
        "@girs/gjs": "^3.2.3",
        "@girs/glib-2.0": "^2.76.1-3.2.3",
        "@girs/gmodule-2.0": "^2.0.0-3.2.3",
        "@girs/gobject-2.0": "^2.76.1-3.2.3",
        "@girs/graphene-1.0": "^1.0.0-3.2.3",
        "@girs/harfbuzz-0.0": "^7.1.0-3.2.3",
        "@girs/pango-1.0": "^1.50.14-3.2.3",
        "@girs/pangocairo-1.0": "^1.0.0-3.2.3"
      }
    },
    "node_modules/@girs/gtk-4.0": {
      "version": "4.10.5-3.2.3",
      "resolved": "https://registry.npmjs.org/@girs/gtk-4.0/-/gtk-4.0-4.10.5-3.2.3.tgz",
      "integrity": "sha512-52Rb28wqE5++i8yaAJb1RQ9GgIACXVy82POEQTiFZD7y51zMCeyb2OgVUBbj2RndEUOZbuInhnT7vEw1M+7A5g==",
      "dependencies": {
        "@girs/cairo-1.0": "^1.0.0-3.2.3",
        "@girs/freetype2-2.0": "^2.0.0-3.2.3",
        "@girs/gdk-4.0": "^4.0.0-3.2.3",
        "@girs/gdkpixbuf-2.0": "^2.0.0-3.2.3",
        "@girs/gio-2.0": "^2.76.1-3.2.3",
        "@girs/gjs": "^3.2.3",
        "@girs/glib-2.0": "^2.76.1-3.2.3",
        "@girs/gmodule-2.0": "^2.0.0-3.2.3",
        "@girs/gobject-2.0": "^2.76.1-3.2.3",
        "@girs/graphene-1.0": "^1.0.0-3.2.3",
        "@girs/gsk-4.0": "^4.0.0-3.2.3",
        "@girs/harfbuzz-0.0": "^7.1.0-3.2.3",
        "@girs/pango-1.0": "^1.50.14-3.2.3",
        "@girs/pangocairo-1.0": "^1.0.0-3.2.3"
      }
    },
    "node_modules/@girs/gvc-1.0": {
      "version": "1.0.0-3.2.3",
      "resolved": "https://registry.npmjs.org/@girs/gvc-1.0/-/gvc-1.0-1.0.0-3.2.3.tgz",
      "integrity": "sha512-Sj8MN2fHSQmunpdIeO1WpAdvpQqwwH6D0yN7jcxueIDao9bF3XRTjh+53VDOODB4k+Ypq8bc4cAiSuiid4UbeQ==",
      "dependencies": {
        "@girs/gio-2.0": "^2.76.1-3.2.3",
        "@girs/gjs": "^3.2.3",
        "@girs/glib-2.0": "^2.76.1-3.2.3",
        "@girs/gobject-2.0": "^2.76.1-3.2.3"
      }
    },
    "node_modules/@girs/harfbuzz-0.0": {
      "version": "7.1.0-3.2.3",
      "resolved": "https://registry.npmjs.org/@girs/harfbuzz-0.0/-/harfbuzz-0.0-7.1.0-3.2.3.tgz",
      "integrity": "sha512-z9fpiJBni97ioU2f1BIrfHCoTD2HDt0h2kaa0EL9n6DvzhntRXUc56cRRRohhXMyIwfUJmMOPuiqMFTI8kt4OQ==",
      "dependencies": {
        "@girs/freetype2-2.0": "^2.0.0-3.2.3",
        "@girs/gjs": "^3.2.3",
        "@girs/glib-2.0": "^2.76.1-3.2.3",
        "@girs/gobject-2.0": "^2.76.1-3.2.3"
      }
    },
    "node_modules/@girs/json-1.0": {
      "version": "1.7.1-3.2.3",
      "resolved": "https://registry.npmjs.org/@girs/json-1.0/-/json-1.0-1.7.1-3.2.3.tgz",
      "integrity": "sha512-mRcS77pCYVPEOP11EK60FY4XFcm3I6ah8gAgZddvVcIq1r1FVg0b9kLiU1SZbOL+xGUbPWQ3cJoh4GHTVok3Yw==",
      "dependencies": {
        "@girs/gio-2.0": "^2.76.1-3.2.3",
        "@girs/gjs": "^3.2.3",
        "@girs/glib-2.0": "^2.76.1-3.2.3",
        "@girs/gobject-2.0": "^2.76.1-3.2.3"
      }
    },
    "node_modules/@girs/meta-12": {
      "version": "12.0.0-3.2.3",
      "resolved": "https://registry.npmjs.org/@girs/meta-12/-/meta-12-12.0.0-3.2.3.tgz",
      "integrity": "sha512-ffoY9jMiXLOvDL09cJcdp3AJbKhYE91uV3gIlFllGoqZWwWb8jOzp3Qj1Wgq+FGbPX38xXVOcJPMreOnmmBw7Q==",
      "dependencies": {
        "@girs/atk-1.0": "^2.48.3-3.2.3",
        "@girs/cairo-1.0": "^1.0.0-3.2.3",
        "@girs/clutter-12": "^12.0.0-3.2.3",
        "@girs/cogl-12": "^12.0.0-3.2.3",
        "@girs/coglpango-12": "^12.0.0-3.2.3",
        "@girs/freetype2-2.0": "^2.0.0-3.2.3",
        "@girs/gdesktopenums-3.0": "^3.0.0-3.2.3",
        "@girs/gio-2.0": "^2.76.1-3.2.3",
        "@girs/gjs": "^3.2.3",
        "@girs/gl-1.0": "^1.0.0-3.2.3",
        "@girs/glib-2.0": "^2.76.1-3.2.3",
        "@girs/gobject-2.0": "^2.76.1-3.2.3",
        "@girs/graphene-1.0": "^1.0.0-3.2.3",
        "@girs/harfbuzz-0.0": "^7.1.0-3.2.3",
        "@girs/json-1.0": "^1.7.1-3.2.3",
        "@girs/pango-1.0": "^1.50.14-3.2.3",
        "@girs/pangocairo-1.0": "^1.0.0-3.2.3",
        "@girs/xfixes-4.0": "^4.0.0-3.2.3",
        "@girs/xlib-2.0": "^2.0.0-3.2.3"
      }
    },
    "node_modules/@girs/meta-12/node_modules/@girs/atk-1.0": {
      "version": "2.48.3-3.2.3",
      "resolved": "https://registry.npmjs.org/@girs/atk-1.0/-/atk-1.0-2.48.3-3.2.3.tgz",
      "integrity": "sha512-w42KR/xKlqTU1BRlSPToHxdySv1ABwETFQhCxapn7usdIo5mXwZlOh1c4pAEN3BukC8rmYEn0QAw5xaDu/UyfA==",
      "dependencies": {
        "@girs/gjs": "^3.2.3",
        "@girs/glib-2.0": "^2.76.1-3.2.3",
        "@girs/gobject-2.0": "^2.76.1-3.2.3"
      }
    },
    "node_modules/@girs/nm-1.0": {
      "version": "1.45.1-3.2.3",
      "resolved": "https://registry.npmjs.org/@girs/nm-1.0/-/nm-1.0-1.45.1-3.2.3.tgz",
      "integrity": "sha512-YIX6Ij3JzDIeIHS+Hy+hSzvfFmbro0yVdW/PbCHzI4n+hWMqOtYCATGFWgOZOvtzedPJAZAlwdoVg5zYm0RTag==",
      "dependencies": {
        "@girs/gio-2.0": "^2.76.1-3.2.3",
        "@girs/gjs": "^3.2.3",
        "@girs/glib-2.0": "^2.76.1-3.2.3",
        "@girs/gobject-2.0": "^2.76.1-3.2.3"
      }
    },
    "node_modules/@girs/pango-1.0": {
      "version": "1.50.14-3.2.3",
      "resolved": "https://registry.npmjs.org/@girs/pango-1.0/-/pango-1.0-1.50.14-3.2.3.tgz",
      "integrity": "sha512-MCiVij8ute3z70/K20/qiUStA+5tN3OWl7Zc8/Tda/dtFIEOs+eb8keJTkqXrRK7KxAn4q/iFD2SSCJT647ACA==",
      "dependencies": {
        "@girs/cairo-1.0": "^1.0.0-3.2.3",
        "@girs/freetype2-2.0": "^2.0.0-3.2.3",
        "@girs/gio-2.0": "^2.76.1-3.2.3",
        "@girs/gjs": "^3.2.3",
        "@girs/glib-2.0": "^2.76.1-3.2.3",
        "@girs/gobject-2.0": "^2.76.1-3.2.3",
        "@girs/harfbuzz-0.0": "^7.1.0-3.2.3"
      }
    },
    "node_modules/@girs/pangocairo-1.0": {
      "version": "1.0.0-3.2.3",
      "resolved": "https://registry.npmjs.org/@girs/pangocairo-1.0/-/pangocairo-1.0-1.0.0-3.2.3.tgz",
      "integrity": "sha512-+aGqvaFGaNUKD8zKLiplIxTGH3q8F9XhkZ/RhaW8IqLR8eehYChgHezop3xdxw+9Cax8VSkjkZXZuEFVQOVS+Q==",
      "dependencies": {
        "@girs/cairo-1.0": "^1.0.0-3.2.3",
        "@girs/freetype2-2.0": "^2.0.0-3.2.3",
        "@girs/gio-2.0": "^2.76.1-3.2.3",
        "@girs/gjs": "^3.2.3",
        "@girs/glib-2.0": "^2.76.1-3.2.3",
        "@girs/gobject-2.0": "^2.76.1-3.2.3",
        "@girs/harfbuzz-0.0": "^7.1.0-3.2.3",
        "@girs/pango-1.0": "^1.50.14-3.2.3"
      }
    },
    "node_modules/@girs/polkit-1.0": {
      "version": "1.0.0-3.2.3",
      "resolved": "https://registry.npmjs.org/@girs/polkit-1.0/-/polkit-1.0-1.0.0-3.2.3.tgz",
      "integrity": "sha512-JZimdjGH5833S8OINzehJA86Ce+kArE5K+nE0VM8vikxDcCQIZl4tOIbIQVXto9ASh3ilLfJPNBObY5fKaQm4g==",
      "dependencies": {
        "@girs/gio-2.0": "^2.76.1-3.2.3",
        "@girs/gjs": "^3.2.3",
        "@girs/glib-2.0": "^2.76.1-3.2.3",
        "@girs/gobject-2.0": "^2.76.1-3.2.3"
      }
    },
    "node_modules/@girs/polkitagent-1.0": {
      "version": "1.0.0-3.2.3",
      "resolved": "https://registry.npmjs.org/@girs/polkitagent-1.0/-/polkitagent-1.0-1.0.0-3.2.3.tgz",
      "integrity": "sha512-cmXh74IFP7tfnMDgFKnR49NPUkPIXnTMMYS3eow4B7V/Mad6jx2iXEDF9IVyCqCLoLaDGMBQ6/rnrnr69gwaXQ==",
      "dependencies": {
        "@girs/gio-2.0": "^2.76.1-3.2.3",
        "@girs/gjs": "^3.2.3",
        "@girs/glib-2.0": "^2.76.1-3.2.3",
        "@girs/gobject-2.0": "^2.76.1-3.2.3",
        "@girs/polkit-1.0": "^1.0.0-3.2.3"
      }
    },
    "node_modules/@girs/shell-12": {
      "version": "12.0.0-3.2.3",
      "resolved": "https://registry.npmjs.org/@girs/shell-12/-/shell-12-12.0.0-3.2.3.tgz",
      "integrity": "sha512-2C6AwXOmeR80BxxeHjp3leWEYhNa7xRnzGGzB2X1PV/Z764hl4JUudnLDEvRVlxf1CZTEopsjaOtAwWbhvirHg==",
      "dependencies": {
        "@girs/atk-1.0": "^2.48.3-3.2.3",
        "@girs/cairo-1.0": "^1.0.0-3.2.3",
        "@girs/cally-12": "^12.0.0-3.2.3",
        "@girs/clutter-12": "^12.0.0-3.2.3",
        "@girs/cogl-12": "^12.0.0-3.2.3",
        "@girs/coglpango-12": "^12.0.0-3.2.3",
        "@girs/freetype2-2.0": "^2.0.0-3.2.3",
        "@girs/gck-2": "^4.1.0-3.2.3",
        "@girs/gcr-4": "^4.1.0-3.2.3",
        "@girs/gdesktopenums-3.0": "^3.0.0-3.2.3",
        "@girs/gdkpixbuf-2.0": "^2.0.0-3.2.3",
        "@girs/gio-2.0": "^2.76.1-3.2.3",
        "@girs/gjs": "^3.2.3",
        "@girs/gl-1.0": "^1.0.0-3.2.3",
        "@girs/glib-2.0": "^2.76.1-3.2.3",
        "@girs/gmodule-2.0": "^2.0.0-3.2.3",
        "@girs/gobject-2.0": "^2.76.1-3.2.3",
        "@girs/graphene-1.0": "^1.0.0-3.2.3",
        "@girs/gvc-1.0": "^1.0.0-3.2.3",
        "@girs/harfbuzz-0.0": "^7.1.0-3.2.3",
        "@girs/json-1.0": "^1.7.1-3.2.3",
        "@girs/meta-12": "^12.0.0-3.2.3",
        "@girs/nm-1.0": "^1.45.1-3.2.3",
        "@girs/pango-1.0": "^1.50.14-3.2.3",
        "@girs/pangocairo-1.0": "^1.0.0-3.2.3",
        "@girs/polkit-1.0": "^1.0.0-3.2.3",
        "@girs/polkitagent-1.0": "^1.0.0-3.2.3",
        "@girs/st-12": "^12.0.0-3.2.3",
        "@girs/xfixes-4.0": "^4.0.0-3.2.3",
        "@girs/xlib-2.0": "^2.0.0-3.2.3"
      }
    },
    "node_modules/@girs/shell-12/node_modules/@girs/atk-1.0": {
      "version": "2.48.3-3.2.3",
      "resolved": "https://registry.npmjs.org/@girs/atk-1.0/-/atk-1.0-2.48.3-3.2.3.tgz",
      "integrity": "sha512-w42KR/xKlqTU1BRlSPToHxdySv1ABwETFQhCxapn7usdIo5mXwZlOh1c4pAEN3BukC8rmYEn0QAw5xaDu/UyfA==",
      "dependencies": {
        "@girs/gjs": "^3.2.3",
        "@girs/glib-2.0": "^2.76.1-3.2.3",
        "@girs/gobject-2.0": "^2.76.1-3.2.3"
      }
    },
    "node_modules/@girs/shell-12/node_modules/@girs/gck-2": {
      "version": "4.1.0-3.2.3",
      "resolved": "https://registry.npmjs.org/@girs/gck-2/-/gck-2-4.1.0-3.2.3.tgz",
      "integrity": "sha512-CSuoPWn59f9KriJ9mKJjzS+lvNJyLZRmG67w1rsr1irGHSO5hhtw5KZBUav6jN5jtVydCpOJ+2Wo9dL7Zx2V1Q==",
      "dependencies": {
        "@girs/gio-2.0": "^2.76.1-3.2.3",
        "@girs/gjs": "^3.2.3",
        "@girs/glib-2.0": "^2.76.1-3.2.3",
        "@girs/gobject-2.0": "^2.76.1-3.2.3"
      }
    },
    "node_modules/@girs/shell-12/node_modules/@girs/gcr-4": {
      "version": "4.1.0-3.2.3",
      "resolved": "https://registry.npmjs.org/@girs/gcr-4/-/gcr-4-4.1.0-3.2.3.tgz",
      "integrity": "sha512-dlHFRdLOvIY6kFlzWAa4QaRI9F9lJYOrnRpIJ0WJuJiRF5hUEwtCfBNbk92LxtWl48BGk7IpV/7TECsRP+dDkQ==",
      "dependencies": {
        "@girs/gck-2": "^4.1.0-3.2.3",
        "@girs/gio-2.0": "^2.76.1-3.2.3",
        "@girs/gjs": "^3.2.3",
        "@girs/glib-2.0": "^2.76.1-3.2.3",
        "@girs/gobject-2.0": "^2.76.1-3.2.3"
      }
    },
    "node_modules/@girs/shew-0": {
      "version": "0.0.0-3.2.3",
      "resolved": "https://registry.npmjs.org/@girs/shew-0/-/shew-0-0.0.0-3.2.3.tgz",
      "integrity": "sha512-x1KDRM5l76dN4EpqfTo8ZGN3giYgv6dc/9dLcr79rDqT4xY+lTG9NTYsFrdqx+1PrxQUobkOT+PZmI0ogc4d6A==",
      "dependencies": {
        "@girs/cairo-1.0": "^1.0.0-3.2.3",
        "@girs/freetype2-2.0": "^2.0.0-3.2.3",
        "@girs/gdk-4.0": "^4.0.0-3.2.3",
        "@girs/gdkpixbuf-2.0": "^2.0.0-3.2.3",
        "@girs/gio-2.0": "^2.76.1-3.2.3",
        "@girs/gjs": "^3.2.3",
        "@girs/glib-2.0": "^2.76.1-3.2.3",
        "@girs/gmodule-2.0": "^2.0.0-3.2.3",
        "@girs/gobject-2.0": "^2.76.1-3.2.3",
        "@girs/graphene-1.0": "^1.0.0-3.2.3",
        "@girs/gsk-4.0": "^4.0.0-3.2.3",
        "@girs/gtk-4.0": "^4.10.5-3.2.3",
        "@girs/harfbuzz-0.0": "^7.1.0-3.2.3",
        "@girs/pango-1.0": "^1.50.14-3.2.3",
        "@girs/pangocairo-1.0": "^1.0.0-3.2.3"
      }
    },
    "node_modules/@girs/st-12": {
      "version": "12.0.0-3.2.3",
      "resolved": "https://registry.npmjs.org/@girs/st-12/-/st-12-12.0.0-3.2.3.tgz",
      "integrity": "sha512-S+7XPYtoWOR79eO9C7vBVKFFitax7Lft7L3jXSJ+WXmXuChoxcmMi6yRFFIoGXwg3mMKi+T2R2r9FDPY+MYOWA==",
      "dependencies": {
        "@girs/atk-1.0": "^2.48.3-3.2.3",
        "@girs/cairo-1.0": "^1.0.0-3.2.3",
        "@girs/cally-12": "^12.0.0-3.2.3",
        "@girs/clutter-12": "^12.0.0-3.2.3",
        "@girs/cogl-12": "^12.0.0-3.2.3",
        "@girs/coglpango-12": "^12.0.0-3.2.3",
        "@girs/freetype2-2.0": "^2.0.0-3.2.3",
        "@girs/gdesktopenums-3.0": "^3.0.0-3.2.3",
        "@girs/gdkpixbuf-2.0": "^2.0.0-3.2.3",
        "@girs/gio-2.0": "^2.76.1-3.2.3",
        "@girs/gjs": "^3.2.3",
        "@girs/gl-1.0": "^1.0.0-3.2.3",
        "@girs/glib-2.0": "^2.76.1-3.2.3",
        "@girs/gmodule-2.0": "^2.0.0-3.2.3",
        "@girs/gobject-2.0": "^2.76.1-3.2.3",
        "@girs/graphene-1.0": "^1.0.0-3.2.3",
        "@girs/harfbuzz-0.0": "^7.1.0-3.2.3",
        "@girs/json-1.0": "^1.7.1-3.2.3",
        "@girs/meta-12": "^12.0.0-3.2.3",
        "@girs/pango-1.0": "^1.50.14-3.2.3",
        "@girs/pangocairo-1.0": "^1.0.0-3.2.3",
        "@girs/xfixes-4.0": "^4.0.0-3.2.3",
        "@girs/xlib-2.0": "^2.0.0-3.2.3"
      }
    },
    "node_modules/@girs/st-12/node_modules/@girs/atk-1.0": {
      "version": "2.48.3-3.2.3",
      "resolved": "https://registry.npmjs.org/@girs/atk-1.0/-/atk-1.0-2.48.3-3.2.3.tgz",
      "integrity": "sha512-w42KR/xKlqTU1BRlSPToHxdySv1ABwETFQhCxapn7usdIo5mXwZlOh1c4pAEN3BukC8rmYEn0QAw5xaDu/UyfA==",
      "dependencies": {
        "@girs/gjs": "^3.2.3",
        "@girs/glib-2.0": "^2.76.1-3.2.3",
        "@girs/gobject-2.0": "^2.76.1-3.2.3"
      }
    },
    "node_modules/@girs/xfixes-4.0": {
      "version": "4.0.0-3.2.3",
      "resolved": "https://registry.npmjs.org/@girs/xfixes-4.0/-/xfixes-4.0-4.0.0-3.2.3.tgz",
      "integrity": "sha512-R3LFUO1nVDbCEriBNo+jhq5rQ+1nA9VbARAU/6jqI7jzSVSmExQJDtodZdGwgsdIRyA4+cMzGnAscFOmBVSD5Q==",
      "dependencies": {
        "@girs/gjs": "^3.2.3",
        "@girs/gobject-2.0": "^2.76.1-3.2.3"
      }
    },
    "node_modules/@girs/xlib-2.0": {
      "version": "2.0.0-3.2.3",
      "resolved": "https://registry.npmjs.org/@girs/xlib-2.0/-/xlib-2.0-2.0.0-3.2.3.tgz",
      "integrity": "sha512-oFFLeukLZZJ6BJljHo5Wp/G0HjQx1cf+YOmWveUuBhnWn7jXHwNEewc/TROWY3KIL+qbMK9HXb+q7HfrFvsdzA==",
      "dependencies": {
        "@girs/gjs": "^3.2.3",
        "@girs/gobject-2.0": "^2.76.1-3.2.3"
      }
    },
    "node_modules/adm-zip": {
      "version": "0.5.10",
      "resolved": "https://registry.npmjs.org/adm-zip/-/adm-zip-0.5.10.tgz",
      "integrity": "sha512-x0HvcHqVJNTPk/Bw8JbLWlWoo6Wwnsug0fnYYro1HBrjxZ3G7/AZk7Ahv8JwDe1uIcz8eBqvu86FuF1POiG7vQ==",
      "dev": true,
      "engines": {
        "node": ">=6.0"
      }
    },
    "node_modules/esbuild": {
      "version": "0.17.19",
      "resolved": "https://registry.npmjs.org/esbuild/-/esbuild-0.17.19.tgz",
      "integrity": "sha512-XQ0jAPFkK/u3LcVRcvVHQcTIqD6E2H1fvZMA5dQPSOWb3suUbWbfbRf94pjc0bNzRYLfIrDRQXr7X+LHIm5oHw==",
      "dev": true,
      "hasInstallScript": true,
      "bin": {
        "esbuild": "bin/esbuild"
      },
      "engines": {
        "node": ">=12"
      },
      "optionalDependencies": {
        "@esbuild/android-arm": "0.17.19",
        "@esbuild/android-arm64": "0.17.19",
        "@esbuild/android-x64": "0.17.19",
        "@esbuild/darwin-arm64": "0.17.19",
        "@esbuild/darwin-x64": "0.17.19",
        "@esbuild/freebsd-arm64": "0.17.19",
        "@esbuild/freebsd-x64": "0.17.19",
        "@esbuild/linux-arm": "0.17.19",
        "@esbuild/linux-arm64": "0.17.19",
        "@esbuild/linux-ia32": "0.17.19",
        "@esbuild/linux-loong64": "0.17.19",
        "@esbuild/linux-mips64el": "0.17.19",
        "@esbuild/linux-ppc64": "0.17.19",
        "@esbuild/linux-riscv64": "0.17.19",
        "@esbuild/linux-s390x": "0.17.19",
        "@esbuild/linux-x64": "0.17.19",
        "@esbuild/netbsd-x64": "0.17.19",
        "@esbuild/openbsd-x64": "0.17.19",
        "@esbuild/sunos-x64": "0.17.19",
        "@esbuild/win32-arm64": "0.17.19",
        "@esbuild/win32-ia32": "0.17.19",
        "@esbuild/win32-x64": "0.17.19"
      }
    },
    "node_modules/typescript": {
      "version": "5.2.2",
      "resolved": "https://registry.npmjs.org/typescript/-/typescript-5.2.2.tgz",
      "integrity": "sha512-mI4WrpHsbCIcwT9cF4FZvr80QUeKvsUsUvKDoR+X/7XHQH98xYD8YHZg7ANtz2GtZt/CBq2QJ0thkGJMHfqc1w==",
      "dev": true,
      "bin": {
        "tsc": "bin/tsc",
        "tsserver": "bin/tsserver"
      },
      "engines": {
        "node": ">=14.17"
      }
    }
  }
}
